
Microsoft Visual Studio Solution File, Format Version 12.00
# Visual Studio Version 17
VisualStudioVersion = 17.0.31903.59
MinimumVisualStudioVersion = 10.0.40219.1
Project("{FAE04EC0-301F-11D3-BF4B-00C04F79EFBC}") = "CI Platform", "CI Platform\CI Platform.csproj", "{18D91C90-E56A-4E96-BF7C-FB25582BE04C}"
EndProject
Global
	GlobalSection(SolutionConfigurationPlatforms) = preSolution
		Debug|Any CPU = Debug|Any CPU
		Release|Any CPU = Release|Any CPU
	EndGlobalSection
	GlobalSection(ProjectConfigurationPlatforms) = postSolution
		{18D91C90-E56A-4E96-BF7C-FB25582BE04C}.Debug|Any CPU.ActiveCfg = Debug|Any CPU
		{18D91C90-E56A-4E96-BF7C-FB25582BE04C}.Debug|Any CPU.Build.0 = Debug|Any CPU
		{18D91C90-E56A-4E96-BF7C-FB25582BE04C}.Release|Any CPU.ActiveCfg = Release|Any CPU
		{18D91C90-E56A-4E96-BF7C-FB25582BE04C}.Release|Any CPU.Build.0 = Release|Any CPU
	EndGlobalSection
	GlobalSection(SolutionProperties) = preSolution
		HideSolutionNode = FALSE
	EndGlobalSection
	GlobalSection(ExtensibilityGlobals) = postSolution
		SolutionGuid = {BC34E237-5996-40C2-922D-8DBFFCBF15E9}
	EndGlobalSection
EndGlobal
